<?xml version="1.0" encoding="utf-8"?>
<Project ToolsVersion="4.0" xmlns="http://schemas.microsoft.com/developer/msbuild/2003">
  <ItemGroup>
    <Filter Include="Source Files">
      <UniqueIdentifier>{4FC737F1-C7A5-4376-A066-2A32D752A2FF}</UniqueIdentifier>
      <Extensions>cpp;c;cc;cxx;def;odl;idl;hpj;bat;asm;asmx</Extensions>
    </Filter>
    <Filter Include="Header Files">
      <UniqueIdentifier>{93995380-89BD-4b04-88EB-625FBE52EBFB}</UniqueIdentifier>
      <Extensions>h;hh;hpp;hxx;hm;inl;inc;xsd</Extensions>
    </Filter>
    <Filter Include="Resource Files">
      <UniqueIdentifier>{67DA6AB6-F800-4c08-8B7A-83BB121AAD01}</UniqueIdentifier>
      <Extensions>rc;ico;cur;bmp;dlg;rc2;rct;bin;rgs;gif;jpg;jpeg;jpe;resx;tiff;tif;png;wav;mfcribbon-ms</Extensions>
    </Filter>
  </ItemGroup>
  <ItemGroup>
    <ClCompile Include="approxconvolv.c">
      <Filter>Source Files</Filter>
    </ClCompile>
    <ClCompile Include="convolv_2invG_adapt_nov.c">
      <Filter>Source Files</Filter>
    </ClCompile>
    <ClCompile Include="convolv_3invG_nov.c">
      <Filter>Source Files</Filter>
    </ClCompile>
    <ClCompile Include="emgpdf.c">
      <Filter>Source Files</Filter>
    </ClCompile>
    <ClCompile Include="gp_max.c">
      <Filter>Source Files</Filter>
    </ClCompile>
    <ClCompile Include="IMT_analysis_April2017.c">
      <Filter>Source Files</Filter>
    </ClCompile>
    <ClCompile Include="IMT_analysis_April2017_data.c">
      <Filter>Source Files</Filter>
    </ClCompile>
    <ClCompile Include="main.c">
      <Filter>Source Files</Filter>
    </ClCompile>
    <ClCompile Include="onestagepdf_lag.c">
      <Filter>Source Files</Filter>
    </ClCompile>
    <ClCompile Include="onestagepdf_prime.c">
      <Filter>Source Files</Filter>
    </ClCompile>
    <ClCompile Include="onestagepdf2.c">
      <Filter>Source Files</Filter>
    </ClCompile>
    <ClCompile Include="tailmass.c">
      <Filter>Source Files</Filter>
    </ClCompile>
    <ClCompile Include="conv.c">
      <Filter>Source Files</Filter>
    </ClCompile>
    <ClCompile Include="window_conv.c">
      <Filter>Source Files</Filter>
    </ClCompile>
    <ClCompile Include="binned_conv.c">
      <Filter>Source Files</Filter>
    </ClCompile>
    <ClCompile Include="nn_conv.c">
      <Filter>Source Files</Filter>
    </ClCompile>
    <ClCompile Include="optimze_twostage.c">
      <Filter>Source Files</Filter>
    </ClCompile>
  </ItemGroup>
  <ItemGroup>
    <ClInclude Include="approxconvolv.h">
      <Filter>Header Files</Filter>
    </ClInclude>
    <ClInclude Include="convolv_2invG_adapt_nov.h">
      <Filter>Header Files</Filter>
    </ClInclude>
    <ClInclude Include="convolv_2invG_nov.h">
      <Filter>Header Files</Filter>
    </ClInclude>
    <ClInclude Include="convolv_3invG_nov.h">
      <Filter>Header Files</Filter>
    </ClInclude>
    <ClInclude Include="emgpdf.h">
      <Filter>Header Files</Filter>
    </ClInclude>
    <ClInclude Include="gp_max.h">
      <Filter>Header Files</Filter>
    </ClInclude>
    <ClInclude Include="IMT_analysis_April2017.h">
      <Filter>Header Files</Filter>
    </ClInclude>
    <ClInclude Include="IMT_analysis_April2017_data.h">
      <Filter>Header Files</Filter>
    </ClInclude>
    <ClInclude Include="main.h">
      <Filter>Header Files</Filter>
    </ClInclude>
    <ClInclude Include="onestagepdf_lag.h">
      <Filter>Header Files</Filter>
    </ClInclude>
    <ClInclude Include="onestagepdf_prime.h">
      <Filter>Header Files</Filter>
    </ClInclude>
    <ClInclude Include="onestagepdf2.h">
      <Filter>Header Files</Filter>
    </ClInclude>
    <ClInclude Include="tailmass.h">
      <Filter>Header Files</Filter>
    </ClInclude>
    <ClInclude Include="conv.h">
      <Filter>Header Files</Filter>
    </ClInclude>
    <ClInclude Include="window_conv.h">
      <Filter>Header Files</Filter>
    </ClInclude>
    <ClInclude Include="binned_conv.h">
      <Filter>Header Files</Filter>
    </ClInclude>
    <ClInclude Include="nn_conv.h">
      <Filter>Header Files</Filter>
    </ClInclude>
    <ClInclude Include="optimze_twostage.h">
      <Filter>Header Files</Filter>
    </ClInclude>
  </ItemGroup>
  <ItemGroup>
    <None Include="packages.config" />
  </ItemGroup>
</Project>